// !$*UTF8*$!
{
	archiveVersion = 1;
	classes = {
	};
	objectVersion = 46;
	objects = {

/* Begin PBXBuildFile section */
		89410B811AEB39D500339E77 /* main.m in Sources */ = {isa = PBXBuildFile; fileRef = 89410B801AEB39D500339E77 /* main.m */; };
		89410B841AEB39D500339E77 /* AppDelegate.m in Sources */ = {isa = PBXBuildFile; fileRef = 89410B831AEB39D500339E77 /* AppDelegate.m */; };
		89410B871AEB39D500339E77 /* ViewController.m in Sources */ = {isa = PBXBuildFile; fileRef = 89410B861AEB39D500339E77 /* ViewController.m */; };
		89410B8A1AEB39D500339E77 /* Main.storyboard in Resources */ = {isa = PBXBuildFile; fileRef = 89410B881AEB39D500339E77 /* Main.storyboard */; };
		89410B8C1AEB39D500339E77 /* Images.xcassets in Resources */ = {isa = PBXBuildFile; fileRef = 89410B8B1AEB39D500339E77 /* Images.xcassets */; };
		89410B8F1AEB39D500339E77 /* LaunchScreen.xib in Resources */ = {isa = PBXBuildFile; fileRef = 89410B8D1AEB39D500339E77 /* LaunchScreen.xib */; };
		89410B9B1AEB39D500339E77 /* DatePickerDemoTests.m in Sources */ = {isa = PBXBuildFile; fileRef = 89410B9A1AEB39D500339E77 /* DatePickerDemoTests.m */; };
/* End PBXBuildFile section */

/* Begin PBXContainerItemProxy section */
		89410B951AEB39D500339E77 /* PBXContainerItemProxy */ = {
			isa = PBXContainerItemProxy;
			containerPortal = 89410B731AEB39D500339E77 /* Project object */;
			proxyType = 1;
			remoteGlobalIDString = 89410B7A1AEB39D500339E77;
			remoteInfo = DatePickerDemo;
		};
/* End PBXContainerItemProxy section */

/* Begin PBXFileReference section */
		89410B7B1AEB39D500339E77 /* DatePickerDemo.app */ = {isa = PBXFileReference; explicitFileType = wrapper.application; includeInIndex = 0; path = DatePickerDemo.app; sourceTree = BUILT_PRODUCTS_DIR; };
		89410B7F1AEB39D500339E77 /* Info.plist */ = {isa = PBXFileReference; lastKnownFileType = text.plist.xml; path = Info.plist; sourceTree = "<group>"; };
		89410B801AEB39D500339E77 /* main.m */ = {isa = PBXFileReference; lastKnownFileType = sourcecode.c.objc; path = main.m; sourceTree = "<group>"; };
		89410B821AEB39D500339E77 /* AppDelegate.h */ = {isa = PBXFileReference; lastKnownFileType = sourcecode.c.h; path = AppDelegate.h; sourceTree = "<group>"; };
		89410B831AEB39D500339E77 /* AppDelegate.m */ = {isa = PBXFileReference; lastKnownFileType = sourcecode.c.objc; path = AppDelegate.m; sourceTree = "<group>"; };
		89410B851AEB39D500339E77 /* ViewController.h */ = {isa = PBXFileReference; lastKnownFileType = sourcecode.c.h; path = ViewController.h; sourceTree = "<group>"; };
		89410B861AEB39D500339E77 /* ViewController.m */ = {isa = PBXFileReference; lastKnownFileType = sourcecode.c.objc; path = ViewController.m; sourceTree = "<group>"; };
		89410B891AEB39D500339E77 /* Base */ = {isa = PBXFileReference; lastKnownFileType = file.storyboard; name = Base; path = Base.lproj/Main.storyboard; sourceTree = "<group>"; };
		89410B8B1AEB39D500339E77 /* Images.xcassets */ = {isa = PBXFileReference; lastKnownFileType = folder.assetcatalog; path = Images.xcassets; sourceTree = "<group>"; };
		89410B8E1AEB39D500339E77 /* Base */ = {isa = PBXFileReference; lastKnownFileType = file.xib; name = Base; path = Base.lproj/LaunchScreen.xib; sourceTree = "<group>"; };
		89410B941AEB39D500339E77 /* DatePickerDemoTests.xctest */ = {isa = PBXFileReference; explicitFileType = wrapper.cfbundle; includeInIndex = 0; path = DatePickerDemoTests.xctest; sourceTree = BUILT_PRODUCTS_DIR; };
		89410B991AEB39D500339E77 /* Info.plist */ = {isa = PBXFileReference; lastKnownFileType = text.plist.xml; path = Info.plist; sourceTree = "<group>"; };
		89410B9A1AEB39D500339E77 /* DatePickerDemoTests.m */ = {isa = PBXFileReference; lastKnownFileType = sourcecode.c.objc; path = DatePickerDemoTests.m; sourceTree = "<group>"; };
/* End PBXFileReference section */

/* Begin PBXFrameworksBuildPhase section */
		89410B781AEB39D500339E77 /* Frameworks */ = {
			isa = PBXFrameworksBuildPhase;
			buildActionMask = 2147483647;
			files = (
			);
			runOnlyForDeploymentPostprocessing = 0;
		};
		89410B911AEB39D500339E77 /* Frameworks */ = {
			isa = PBXFrameworksBuildPhase;
			buildActionMask = 2147483647;
			files = (
			);
			runOnlyForDeploymentPostprocessing = 0;
		};
/* End PBXFrameworksBuildPhase section */

/* Begin PBXGroup section */
		89410B721AEB39D500339E77 = {
			isa = PBXGroup;
			children = (
				89410B7D1AEB39D500339E77 /* DatePickerDemo */,
				89410B971AEB39D500339E77 /* DatePickerDemoTests */,
				89410B7C1AEB39D500339E77 /* Products */,
			);
			sourceTree = "<group>";
		};
		89410B7C1AEB39D500339E77 /* Products */ = {
			isa = PBXGroup;
			children = (
				89410B7B1AEB39D500339E77 /* DatePickerDemo.app */,
				89410B941AEB39D500339E77 /* DatePickerDemoTests.xctest */,
			);
			name = Products;
			sourceTree = "<group>";
		};
		89410B7D1AEB39D500339E77 /* DatePickerDemo */ = {
			isa = PBXGroup;
			children = (
				89410B821AEB39D500339E77 /* AppDelegate.h */,
				89410B831AEB39D500339E77 /* AppDelegate.m */,
				89410B851AEB39D500339E77 /* ViewController.h */,
				89410B861AEB39D500339E77 /* ViewController.m */,
				89410B881AEB39D500339E77 /* Main.storyboard */,
				89410B8B1AEB39D500339E77 /* Images.xcassets */,
				89410B8D1AEB39D500339E77 /* LaunchScreen.xib */,
				89410B7E1AEB39D500339E77 /* Supporting Files */,
			);
			path = DatePickerDemo;
			sourceTree = "<group>";
		};
		89410B7E1AEB39D500339E77 /* Supporting Files */ = {
			isa = PBXGroup;
			children = (
				89410B7F1AEB39D500339E77 /* Info.plist */,
				89410B801AEB39D500339E77 /* main.m */,
			);
			name = "Supporting Files";
			sourceTree = "<group>";
		};
		89410B971AEB39D500339E77 /* DatePickerDemoTests */ = {
			isa = PBXGroup;
			children = (
				89410B9A1AEB39D500339E77 /* DatePickerDemoTests.m */,
				89410B981AEB39D500339E77 /* Supporting Files */,
			);
			path = DatePickerDemoTests;
			sourceTree = "<group>";
		};
		89410B981AEB39D500339E77 /* Supporting Files */ = {
			isa = PBXGroup;
			children = (
				89410B991AEB39D500339E77 /* Info.plist */,
			);
			name = "Supporting Files";
			sourceTree = "<group>";
		};
/* End PBXGroup section */

/* Begin PBXNativeTarget section */
		89410B7A1AEB39D500339E77 /* DatePickerDemo */ = {
			isa = PBXNativeTarget;
			buildConfigurationList = 89410B9E1AEB39D500339E77 /* Build configuration list for PBXNativeTarget "DatePickerDemo" */;
			buildPhases = (
				89410B771AEB39D500339E77 /* Sources */,
				89410B781AEB39D500339E77 /* Frameworks */,
				89410B791AEB39D500339E77 /* Resources */,
			);
			buildRules = (
			);
			dependencies = (
			);
			name = DatePickerDemo;
			productName = DatePickerDemo;
			productReference = 89410B7B1AEB39D500339E77 /* DatePickerDemo.app */;
			productType = "com.apple.product-type.application";
		};
		89410B931AEB39D500339E77 /* DatePickerDemoTests */ = {
			isa = PBXNativeTarget;
			buildConfigurationList = 89410BA11AEB39D500339E77 /* Build configuration list for PBXNativeTarget "DatePickerDemoTests" */;
			buildPhases = (
				89410B901AEB39D500339E77 /* Sources */,
				89410B911AEB39D500339E77 /* Frameworks */,
				89410B921AEB39D500339E77 /* Resources */,
			);
			buildRules = (
			);
			dependencies = (
				89410B961AEB39D500339E77 /* PBXTargetDependency */,
			);
			name = DatePickerDemoTests;
			productName = DatePickerDemoTests;
			productReference = 89410B941AEB39D500339E77 /* DatePickerDemoTests.xctest */;
			productType = "com.apple.product-type.bundle.unit-test";
		};
/* End PBXNativeTarget section */

/* Begin PBXProject section */
		89410B731AEB39D500339E77 /* Project object */ = {
			isa = PBXProject;
			attributes = {
				LastUpgradeCheck = 0630;
				ORGANIZATIONNAME = "Xiao Lu";
				TargetAttributes = {
					89410B7A1AEB39D500339E77 = {
						CreatedOnToolsVersion = 6.3.1;
					};
					89410B931AEB39D500339E77 = {
						CreatedOnToolsVersion = 6.3.1;
						TestTargetID = 89410B7A1AEB39D500339E77;
					};
				};
			};
			buildConfigurationList = 89410B761AEB39D500339E77 /* Build configuration list for PBXProject "DatePickerDemo" */;
			compatibilityVersion = "Xcode 3.2";
			developmentRegion = English;
			hasScannedForEncodings = 0;
			knownRegions = (
				en,
				Base,
			);
			mainGroup = 89410B721AEB39D500339E77;
			productRefGroup = 89410B7C1AEB39D500339E77 /* Products */;
			projectDirPath = "";
			projectRoot = "";
			targets = (
				89410B7A1AEB39D500339E77 /* DatePickerDemo */,
				89410B931AEB39D500339E77 /* DatePickerDemoTests */,
			);
		};
/* End PBXProject section */

/* Begin PBXResourcesBuildPhase section */
		89410B791AEB39D500339E77 /* Resources */ = {
			isa = PBXResourcesBuildPhase;
			buildActionMask = 2147483647;
			files = (
				89410B8A1AEB39D500339E77 /* Main.storyboard in Resources */,
				89410B8F1AEB39D500339E77 /* LaunchScreen.xib in Resources */,
				89410B8C1AEB39D500339E77 /* Images.xcassets in Resources */,
			);
			runOnlyForDeploymentPostprocessing = 0;
		};
		89410B921AEB39D500339E77 /* Resources */ = {
			isa = PBXResourcesBuildPhase;
			buildActionMask = 2147483647;
			files = (
			);
			runOnlyForDeploymentPostprocessing = 0;
		};
/* End PBXResourcesBuildPhase section */

/* Begin PBXSourcesBuildPhase section */
		89410B771AEB39D500339E77 /* Sources */ = {
			isa = PBXSourcesBuildPhase;
			buildActionMask = 2147483647;
			files = (
				89410B871AEB39D500339E77 /* ViewController.m in Sources */,
				89410B841AEB39D500339E77 /* AppDelegate.m in Sources */,
				89410B811AEB39D500339E77 /* main.m in Sources */,
			);
			runOnlyForDeploymentPostprocessing = 0;
		};
		89410B901AEB39D500339E77 /* Sources */ = {
			isa = PBXSourcesBuildPhase;
			buildActionMask = 2147483647;
			files = (
				89410B9B1AEB39D500339E77 /* DatePickerDemoTests.m in Sources */,
			);
			runOnlyForDeploymentPostprocessing = 0;
		};
/* End PBXSourcesBuildPhase section */

/* Begin PBXTargetDependency section */
		89410B961AEB39D500339E77 /* PBXTargetDependency */ = {
			isa = PBXTargetDependency;
			target = 89410B7A1AEB39D500339E77 /* DatePickerDemo */;
			targetProxy = 89410B951AEB39D500339E77 /* PBXContainerItemProxy */;
		};
/* End PBXTargetDependency section */

/* Begin PBXVariantGroup section */
		89410B881AEB39D500339E77 /* Main.storyboard */ = {
			isa = PBXVariantGroup;
			children = (
				89410B891AEB39D500339E77 /* Base */,
			);
			name = Main.storyboard;
			sourceTree = "<group>";
		};
		89410B8D1AEB39D500339E77 /* LaunchScreen.xib */ = {
			isa = PBXVariantGroup;
			children = (
				89410B8E1AEB39D500339E77 /* Base */,
			);
			name = LaunchScreen.xib;
			sourceTree = "<group>";
		};
/* End PBXVariantGroup section */

/* Begin XCBuildConfiguration section */
		89410B9C1AEB39D500339E77 /* Debug */ = {
			isa = XCBuildConfiguration;
			buildSettings = {
				ALWAYS_SEARCH_USER_PATHS = NO;
				CLANG_CXX_LANGUAGE_STANDARD = "gnu++0x";
				CLANG_CXX_LIBRARY = "libc++";
				CLANG_ENABLE_MODULES = YES;
				CLANG_ENABLE_OBJC_ARC = YES;
				CLANG_WARN_BOOL_CONVERSION = YES;
				CLANG_WARN_CONSTANT_CONVERSION = YES;
				CLANG_WARN_DIRECT_OBJC_ISA_USAGE = YES_ERROR;
				CLANG_WARN_EMPTY_BODY = YES;
				CLANG_WARN_ENUM_CONVERSION = YES;
				CLANG_WARN_INT_CONVERSION = YES;
				CLANG_WARN_OBJC_ROOT_CLASS = YES_ERROR;
				CLANG_WARN_UNREACHABLE_CODE = YES;
				CLANG_WARN__DUPLICATE_METHOD_MATCH = YES;
				"CODE_SIGN_IDENTITY[sdk=iphoneos*]" = "iPhone Developer";
				COPY_PHASE_STRIP = NO;
				DEBUG_INFORMATION_FORMAT = "dwarf-with-dsym";
				ENABLE_STRICT_OBJC_MSGSEND = YES;
				GCC_C_LANGUAGE_STANDARD = gnu99;
				GCC_DYNAMIC_NO_PIC = NO;
				GCC_NO_COMMON_BLOCKS = YES;
				GCC_OPTIMIZATION_LEVEL = 0;
				GCC_PREPROCESSOR_DEFINITIONS = (
					"DEBUG=1",
					"$(inherited)",
				);
				GCC_SYMBOLS_PRIVATE_EXTERN = NO;
				GCC_WARN_64_TO_32_BIT_CONVERSION = YES;
				GCC_WARN_ABOUT_RETURN_TYPE = YES_ERROR;
				GCC_WARN_UNDECLARED_SELECTOR = YES;
				GCC_WARN_UNINITIALIZED_AUTOS = YES_AGGRESSIVE;
				GCC_WARN_UNUSED_FUNCTION = YES;
				GCC_WARN_UNUSED_VARIABLE = YES;
				IPHONEOS_DEPLOYMENT_TARGET = 8.3;
				MTL_ENABLE_DEBUG_INFO = YES;
				ONLY_ACTIVE_ARCH = YES;
				SDKROOT = iphoneos;
			};
			name = Debug;
		};
		89410B9D1AEB39D500339E77 /* Release */ = {
			isa = XCBuildConfiguration;
			buildSettings = {
				ALWAYS_SEARCH_USER_PATHS = NO;
				CLANG_CXX_LANGUAGE_STANDARD = "gnu++0x";
				CLANG_CXX_LIBRARY = "libc++";
				CLANG_ENABLE_MODULES = YES;
				CLANG_ENABLE_OBJC_ARC = YES;
				CLANG_WARN_BOOL_CONVERSION = YES;
				CLANG_WARN_CONSTANT_CONVERSION = YES;
				CLANG_WARN_DIRECT_OBJC_ISA_USAGE = YES_ERROR;
				CLANG_WARN_EMPTY_BODY = YES;
				CLANG_WARN_ENUM_CONVERSION = YES;
				CLANG_WARN_INT_CONVERSION = YES;
				CLANG_WARN_OBJC_ROOT_CLASS = YES_ERROR;
				CLANG_WARN_UNREACHABLE_CODE = YES;
				CLANG_WARN__DUPLICATE_METHOD_MATCH = YES;
				"CODE_SIGN_IDENTITY[sdk=iphoneos*]" = "iPhone Developer";
				COPY_PHASE_STRIP = NO;
				DEBUG_INFORMATION_FORMAT = "dwarf-with-dsym";
				ENABLE_NS_ASSERTIONS = NO;
				ENABLE_STRICT_OBJC_MSGSEND = YES;
				GCC_C_LANGUAGE_STANDARD = gnu99;
				GCC_NO_COMMON_BLOCKS = YES;
				GCC_WARN_64_TO_32_BIT_CONVERSION = YES;
				GCC_WARN_ABOUT_RETURN_TYPE = YES_ERROR;
				GCC_WARN_UNDECLARED_SELECTOR = YES;
				GCC_WARN_UNINITIALIZED_AUTOS = YES_AGGRESSIVE;
				GCC_WARN_UNUSED_FUNCTION = YES;
				GCC_WARN_UNUSED_VARIABLE = YES;
				IPHONEOS_DEPLOYMENT_TARGET = 8.3;
				MTL_ENABLE_DEBUG_INFO = NO;
				SDKROOT = iphoneos;
				VALIDATE_PRODUCT = YES;
			};
			name = Release;
		};
		89410B9F1AEB39D500339E77 /* Debug */ = {
			isa = XCBuildConfiguration;
			buildSettings = {
				ASSETCATALOG_COMPILER_APPICON_NAME = AppIcon;
				INFOPLIST_FILE = DatePickerDemo/Info.plist;
				LD_RUNPATH_SEARCH_PATHS = "$(inherited) @executable_path/Frameworks";
				PRODUCT_NAME = "$(TARGET_NAME)";
			};
			name = Debug;
		};
		89410BA01AEB39D500339E77 /* Release */ = {
			isa = XCBuildConfiguration;
			buildSettings = {
				ASSETCATALOG_COMPILER_APPICON_NAME = AppIcon;
				INFOPLIST_FILE = DatePickerDemo/Info.plist;
				LD_RUNPATH_SEARCH_PATHS = "$(inherited) @executable_path/Frameworks";
				PRODUCT_NAME = "$(TARGET_NAME)";
			};
			name = Release;
		};
		89410BA21AEB39D500339E77 /* Debug */ = {
			isa = XCBuildConfiguration;
			buildSettings = {
				BUNDLE_LOADER = "$(TEST_HOST)";
				FRAMEWORK_SEARCH_PATHS = (
					"$(SDKROOT)/Developer/Library/Frameworks",
					"$(inherited)",
				);
				GCC_PREPROCESSOR_DEFINITIONS = (
					"DEBUG=1",
					"$(inherited)",
				);
				INFOPLIST_FILE = DatePickerDemoTests/Info.plist;
				LD_RUNPATH_SEARCH_PATHS = "$(inherited) @executable_path/Frameworks @loader_path/Frameworks";
				PRODUCT_NAME = "$(TARGET_NAME)";
				TEST_HOST = "$(BUILT_PRODUCTS_DIR)/DatePickerDemo.app/DatePickerDemo";
			};
			name = Debug;
		};
		89410BA31AEB39D500339E77 /* Release */ = {
			isa = XCBuildConfiguration;
			buildSettings = {
				BUNDLE_LOADER = "$(TEST_HOST)";
				FRAMEWORK_SEARCH_PATHS = (
					"$(SDKROOT)/Developer/Library/Frameworks",
					"$(inherited)",
				);
				INFOPLIST_FILE = DatePickerDemoTests/Info.plist;
				LD_RUNPATH_SEARCH_PATHS = "$(inherited) @executable_path/Frameworks @loader_path/Frameworks";
				PRODUCT_NAME = "$(TARGET_NAME)";
				TEST_HOST = "$(BUILT_PRODUCTS_DIR)/DatePickerDemo.app/DatePickerDemo";
			};
			name = Release;
		};
/* End XCBuildConfiguration section */

/* Begin XCConfigurationList section */
		89410B761AEB39D500339E77 /* Build configuration list for PBXProject "DatePickerDemo" */ = {
			isa = XCConfigurationList;
			buildConfigurations = (
				89410B9C1AEB39D500339E77 /* Debug */,
				89410B9D1AEB39D500339E77 /* Release */,
			);
			defaultConfigurationIsVisible = 0;
			defaultConfigurationName = Release;
		};
		89410B9E1AEB39D500339E77 /* Build configuration list for PBXNativeTarget "DatePickerDemo" */ = {
			isa = XCConfigurationList;
			buildConfigurations = (
				89410B9F1AEB39D500339E77 /* Debug */,
				89410BA01AEB39D500339E77 /* Release */,
			);
			defaultConfigurationIsVisible = 0;
		};
		89410BA11AEB39D500339E77 /* Build configuration list for PBXNativeTarget "DatePickerDemoTests" */ = {
			isa = XCConfigurationList;
			buildConfigurations = (
				89410BA21AEB39D500339E77 /* Debug */,
				89410BA31AEB39D500339E77 /* Release */,
			);
			defaultConfigurationIsVisible = 0;
		};
/* End XCConfigurationList section */
	};
	rootObject = 89410B731AEB39D500339E77 /* Project object */;
}
